// !$*UTF8*$!
{
	archiveVersion = 1;
	classes = {
	};
	objectVersion = 56;
	objects = {

/* Begin PBXBuildFile section */
		857DF3872AE771CD0019E485 /* LearningSwiftUIApp.swift in Sources */ = {isa = PBXBuildFile; fileRef = 857DF3862AE771CD0019E485 /* LearningSwiftUIApp.swift */; };
		857DF3892AE771CD0019E485 /* ContentView.swift in Sources */ = {isa = PBXBuildFile; fileRef = 857DF3882AE771CD0019E485 /* ContentView.swift */; };
		857DF38B2AE771CE0019E485 /* Assets.xcassets in Resources */ = {isa = PBXBuildFile; fileRef = 857DF38A2AE771CE0019E485 /* Assets.xcassets */; };
		857DF38E2AE771CE0019E485 /* Preview Assets.xcassets in Resources */ = {isa = PBXBuildFile; fileRef = 857DF38D2AE771CE0019E485 /* Preview Assets.xcassets */; };
		857DF3982AE771CE0019E485 /* LearningSwiftUITests.swift in Sources */ = {isa = PBXBuildFile; fileRef = 857DF3972AE771CE0019E485 /* LearningSwiftUITests.swift */; };
		857DF3A22AE771CE0019E485 /* LearningSwiftUIUITests.swift in Sources */ = {isa = PBXBuildFile; fileRef = 857DF3A12AE771CE0019E485 /* LearningSwiftUIUITests.swift */; };
		857DF3A42AE771CE0019E485 /* LearningSwiftUIUITestsLaunchTests.swift in Sources */ = {isa = PBXBuildFile; fileRef = 857DF3A32AE771CE0019E485 /* LearningSwiftUIUITestsLaunchTests.swift */; };
		857DF3B12AE7772C0019E485 /* MyView.swift in Sources */ = {isa = PBXBuildFile; fileRef = 857DF3B02AE7772C0019E485 /* MyView.swift */; };
		857DF3B32AE7830D0019E485 /* MyMapsView.swift in Sources */ = {isa = PBXBuildFile; fileRef = 857DF3B22AE7830D0019E485 /* MyMapsView.swift */; };
/* End PBXBuildFile section */

/* Begin PBXContainerItemProxy section */
		857DF3942AE771CE0019E485 /* PBXContainerItemProxy */ = {
			isa = PBXContainerItemProxy;
			containerPortal = 857DF37B2AE771CC0019E485 /* Project object */;
			proxyType = 1;
			remoteGlobalIDString = 857DF3822AE771CD0019E485;
			remoteInfo = LearningSwiftUI;
		};
		857DF39E2AE771CE0019E485 /* PBXContainerItemProxy */ = {
			isa = PBXContainerItemProxy;
			containerPortal = 857DF37B2AE771CC0019E485 /* Project object */;
			proxyType = 1;
			remoteGlobalIDString = 857DF3822AE771CD0019E485;
			remoteInfo = LearningSwiftUI;
		};
/* End PBXContainerItemProxy section */

/* Begin PBXFileReference section */
		857DF3832AE771CD0019E485 /* LearningSwiftUI.app */ = {isa = PBXFileReference; explicitFileType = wrapper.application; includeInIndex = 0; path = LearningSwiftUI.app; sourceTree = BUILT_PRODUCTS_DIR; };
		857DF3862AE771CD0019E485 /* LearningSwiftUIApp.swift */ = {isa = PBXFileReference; lastKnownFileType = sourcecode.swift; path = LearningSwiftUIApp.swift; sourceTree = "<group>"; };
		857DF3882AE771CD0019E485 /* ContentView.swift */ = {isa = PBXFileReference; lastKnownFileType = sourcecode.swift; path = ContentView.swift; sourceTree = "<group>"; };
		857DF38A2AE771CE0019E485 /* Assets.xcassets */ = {isa = PBXFileReference; lastKnownFileType = folder.assetcatalog; path = Assets.xcassets; sourceTree = "<group>"; };
		857DF38D2AE771CE0019E485 /* Preview Assets.xcassets */ = {isa = PBXFileReference; lastKnownFileType = folder.assetcatalog; path = "Preview Assets.xcassets"; sourceTree = "<group>"; };
		857DF3932AE771CE0019E485 /* LearningSwiftUITests.xctest */ = {isa = PBXFileReference; explicitFileType = wrapper.cfbundle; includeInIndex = 0; path = LearningSwiftUITests.xctest; sourceTree = BUILT_PRODUCTS_DIR; };
		857DF3972AE771CE0019E485 /* LearningSwiftUITests.swift */ = {isa = PBXFileReference; lastKnownFileType = sourcecode.swift; path = LearningSwiftUITests.swift; sourceTree = "<group>"; };
		857DF39D2AE771CE0019E485 /* LearningSwiftUIUITests.xctest */ = {isa = PBXFileReference; explicitFileType = wrapper.cfbundle; includeInIndex = 0; path = LearningSwiftUIUITests.xctest; sourceTree = BUILT_PRODUCTS_DIR; };
		857DF3A12AE771CE0019E485 /* LearningSwiftUIUITests.swift */ = {isa = PBXFileReference; lastKnownFileType = sourcecode.swift; path = LearningSwiftUIUITests.swift; sourceTree = "<group>"; };
		857DF3A32AE771CE0019E485 /* LearningSwiftUIUITestsLaunchTests.swift */ = {isa = PBXFileReference; lastKnownFileType = sourcecode.swift; path = LearningSwiftUIUITestsLaunchTests.swift; sourceTree = "<group>"; };
		857DF3B02AE7772C0019E485 /* MyView.swift */ = {isa = PBXFileReference; lastKnownFileType = sourcecode.swift; path = MyView.swift; sourceTree = "<group>"; };
		857DF3B22AE7830D0019E485 /* MyMapsView.swift */ = {isa = PBXFileReference; lastKnownFileType = sourcecode.swift; path = MyMapsView.swift; sourceTree = "<group>"; };
/* End PBXFileReference section */

/* Begin PBXFrameworksBuildPhase section */
		857DF3802AE771CD0019E485 /* Frameworks */ = {
			isa = PBXFrameworksBuildPhase;
			buildActionMask = 2147483647;
			files = (
			);
			runOnlyForDeploymentPostprocessing = 0;
		};
		857DF3902AE771CE0019E485 /* Frameworks */ = {
			isa = PBXFrameworksBuildPhase;
			buildActionMask = 2147483647;
			files = (
			);
			runOnlyForDeploymentPostprocessing = 0;
		};
		857DF39A2AE771CE0019E485 /* Frameworks */ = {
			isa = PBXFrameworksBuildPhase;
			buildActionMask = 2147483647;
			files = (
			);
			runOnlyForDeploymentPostprocessing = 0;
		};
/* End PBXFrameworksBuildPhase section */

/* Begin PBXGroup section */
		857DF37A2AE771CC0019E485 = {
			isa = PBXGroup;
			children = (
				857DF3852AE771CD0019E485 /* LearningSwiftUI */,
				857DF3962AE771CE0019E485 /* LearningSwiftUITests */,
				857DF3A02AE771CE0019E485 /* LearningSwiftUIUITests */,
				857DF3842AE771CD0019E485 /* Products */,
			);
			sourceTree = "<group>";
		};
		857DF3842AE771CD0019E485 /* Products */ = {
			isa = PBXGroup;
			children = (
				857DF3832AE771CD0019E485 /* LearningSwiftUI.app */,
				857DF3932AE771CE0019E485 /* LearningSwiftUITests.xctest */,
				857DF39D2AE771CE0019E485 /* LearningSwiftUIUITests.xctest */,
			);
			name = Products;
			sourceTree = "<group>";
		};
		857DF3852AE771CD0019E485 /* LearningSwiftUI */ = {
			isa = PBXGroup;
			children = (
				857DF3862AE771CD0019E485 /* LearningSwiftUIApp.swift */,
				857DF3B02AE7772C0019E485 /* MyView.swift */,
				857DF3882AE771CD0019E485 /* ContentView.swift */,
				857DF38A2AE771CE0019E485 /* Assets.xcassets */,
				857DF38C2AE771CE0019E485 /* Preview Content */,
				857DF3B22AE7830D0019E485 /* MyMapsView.swift */,
			);
			path = LearningSwiftUI;
			sourceTree = "<group>";
		};
		857DF38C2AE771CE0019E485 /* Preview Content */ = {
			isa = PBXGroup;
			children = (
				857DF38D2AE771CE0019E485 /* Preview Assets.xcassets */,
			);
			path = "Preview Content";
			sourceTree = "<group>";
		};
		857DF3962AE771CE0019E485 /* LearningSwiftUITests */ = {
			isa = PBXGroup;
			children = (
				857DF3972AE771CE0019E485 /* LearningSwiftUITests.swift */,
			);
			path = LearningSwiftUITests;
			sourceTree = "<group>";
		};
		857DF3A02AE771CE0019E485 /* LearningSwiftUIUITests */ = {
			isa = PBXGroup;
			children = (
				857DF3A12AE771CE0019E485 /* LearningSwiftUIUITests.swift */,
				857DF3A32AE771CE0019E485 /* LearningSwiftUIUITestsLaunchTests.swift */,
			);
			path = LearningSwiftUIUITests;
			sourceTree = "<group>";
		};
/* End PBXGroup section */

/* Begin PBXNativeTarget section */
		857DF3822AE771CD0019E485 /* LearningSwiftUI */ = {
			isa = PBXNativeTarget;
			buildConfigurationList = 857DF3A72AE771CE0019E485 /* Build configuration list for PBXNativeTarget "LearningSwiftUI" */;
			buildPhases = (
				857DF37F2AE771CD0019E485 /* Sources */,
				857DF3802AE771CD0019E485 /* Frameworks */,
				857DF3812AE771CD0019E485 /* Resources */,
			);
			buildRules = (
			);
			dependencies = (
			);
			name = LearningSwiftUI;
			productName = LearningSwiftUI;
			productReference = 857DF3832AE771CD0019E485 /* LearningSwiftUI.app */;
			productType = "com.apple.product-type.application";
		};
		857DF3922AE771CE0019E485 /* LearningSwiftUITests */ = {
			isa = PBXNativeTarget;
			buildConfigurationList = 857DF3AA2AE771CE0019E485 /* Build configuration list for PBXNativeTarget "LearningSwiftUITests" */;
			buildPhases = (
				857DF38F2AE771CE0019E485 /* Sources */,
				857DF3902AE771CE0019E485 /* Frameworks */,
				857DF3912AE771CE0019E485 /* Resources */,
			);
			buildRules = (
			);
			dependencies = (
				857DF3952AE771CE0019E485 /* PBXTargetDependency */,
			);
			name = LearningSwiftUITests;
			productName = LearningSwiftUITests;
			productReference = 857DF3932AE771CE0019E485 /* LearningSwiftUITests.xctest */;
			productType = "com.apple.product-type.bundle.unit-test";
		};
		857DF39C2AE771CE0019E485 /* LearningSwiftUIUITests */ = {
			isa = PBXNativeTarget;
			buildConfigurationList = 857DF3AD2AE771CE0019E485 /* Build configuration list for PBXNativeTarget "LearningSwiftUIUITests" */;
			buildPhases = (
				857DF3992AE771CE0019E485 /* Sources */,
				857DF39A2AE771CE0019E485 /* Frameworks */,
				857DF39B2AE771CE0019E485 /* Resources */,
			);
			buildRules = (
			);
			dependencies = (
				857DF39F2AE771CE0019E485 /* PBXTargetDependency */,
			);
			name = LearningSwiftUIUITests;
			productName = LearningSwiftUIUITests;
			productReference = 857DF39D2AE771CE0019E485 /* LearningSwiftUIUITests.xctest */;
			productType = "com.apple.product-type.bundle.ui-testing";
		};
/* End PBXNativeTarget section */

/* Begin PBXProject section */
		857DF37B2AE771CC0019E485 /* Project object */ = {
			isa = PBXProject;
			attributes = {
				BuildIndependentTargetsInParallel = 1;
				LastSwiftUpdateCheck = 1430;
				LastUpgradeCheck = 1430;
				TargetAttributes = {
					857DF3822AE771CD0019E485 = {
						CreatedOnToolsVersion = 14.3.1;
					};
					857DF3922AE771CE0019E485 = {
						CreatedOnToolsVersion = 14.3.1;
						TestTargetID = 857DF3822AE771CD0019E485;
					};
					857DF39C2AE771CE0019E485 = {
						CreatedOnToolsVersion = 14.3.1;
						TestTargetID = 857DF3822AE771CD0019E485;
					};
				};
			};
			buildConfigurationList = 857DF37E2AE771CD0019E485 /* Build configuration list for PBXProject "LearningSwiftUI" */;
			compatibilityVersion = "Xcode 14.0";
			developmentRegion = en;
			hasScannedForEncodings = 0;
			knownRegions = (
				en,
				Base,
			);
			mainGroup = 857DF37A2AE771CC0019E485;
			productRefGroup = 857DF3842AE771CD0019E485 /* Products */;
			projectDirPath = "";
			projectRoot = "";
			targets = (
				857DF3822AE771CD0019E485 /* LearningSwiftUI */,
				857DF3922AE771CE0019E485 /* LearningSwiftUITests */,
				857DF39C2AE771CE0019E485 /* LearningSwiftUIUITests */,
			);
		};
/* End PBXProject section */

/* Begin PBXResourcesBuildPhase section */
		857DF3812AE771CD0019E485 /* Resources */ = {
			isa = PBXResourcesBuildPhase;
			buildActionMask = 2147483647;
			files = (
				857DF38E2AE771CE0019E485 /* Preview Assets.xcassets in Resources */,
				857DF38B2AE771CE0019E485 /* Assets.xcassets in Resources */,
			);
			runOnlyForDeploymentPostprocessing = 0;
		};
		857DF3912AE771CE0019E485 /* Resources */ = {
			isa = PBXResourcesBuildPhase;
			buildActionMask = 2147483647;
			files = (
			);
			runOnlyForDeploymentPostprocessing = 0;
		};
		857DF39B2AE771CE0019E485 /* Resources */ = {
			isa = PBXResourcesBuildPhase;
			buildActionMask = 2147483647;
			files = (
			);
			runOnlyForDeploymentPostprocessing = 0;
		};
/* End PBXResourcesBuildPhase section */

/* Begin PBXSourcesBuildPhase section */
		857DF37F2AE771CD0019E485 /* Sources */ = {
			isa = PBXSourcesBuildPhase;
			buildActionMask = 2147483647;
			files = (
				857DF3B12AE7772C0019E485 /* MyView.swift in Sources */,
				857DF3B32AE7830D0019E485 /* MyMapsView.swift in Sources */,
				857DF3892AE771CD0019E485 /* ContentView.swift in Sources */,
				857DF3872AE771CD0019E485 /* LearningSwiftUIApp.swift in Sources */,
			);
			runOnlyForDeploymentPostprocessing = 0;
		};
		857DF38F2AE771CE0019E485 /* Sources */ = {
			isa = PBXSourcesBuildPhase;
			buildActionMask = 2147483647;
			files = (
				857DF3982AE771CE0019E485 /* LearningSwiftUITests.swift in Sources */,
			);
			runOnlyForDeploymentPostprocessing = 0;
		};
		857DF3992AE771CE0019E485 /* Sources */ = {
			isa = PBXSourcesBuildPhase;
			buildActionMask = 2147483647;
			files = (
				857DF3A42AE771CE0019E485 /* LearningSwiftUIUITestsLaunchTests.swift in Sources */,
				857DF3A22AE771CE0019E485 /* LearningSwiftUIUITests.swift in Sources */,
			);
			runOnlyForDeploymentPostprocessing = 0;
		};
/* End PBXSourcesBuildPhase section */

/* Begin PBXTargetDependency section */
		857DF3952AE771CE0019E485 /* PBXTargetDependency */ = {
			isa = PBXTargetDependency;
			target = 857DF3822AE771CD0019E485 /* LearningSwiftUI */;
			targetProxy = 857DF3942AE771CE0019E485 /* PBXContainerItemProxy */;
		};
		857DF39F2AE771CE0019E485 /* PBXTargetDependency */ = {
			isa = PBXTargetDependency;
			target = 857DF3822AE771CD0019E485 /* LearningSwiftUI */;
			targetProxy = 857DF39E2AE771CE0019E485 /* PBXContainerItemProxy */;
		};
/* End PBXTargetDependency section */

/* Begin XCBuildConfiguration section */
		857DF3A52AE771CE0019E485 /* Debug */ = {
			isa = XCBuildConfiguration;
			buildSettings = {
				ALWAYS_SEARCH_USER_PATHS = NO;
				CLANG_ANALYZER_NONNULL = YES;
				CLANG_ANALYZER_NUMBER_OBJECT_CONVERSION = YES_AGGRESSIVE;
				CLANG_CXX_LANGUAGE_STANDARD = "gnu++20";
				CLANG_ENABLE_MODULES = YES;
				CLANG_ENABLE_OBJC_ARC = YES;
				CLANG_ENABLE_OBJC_WEAK = YES;
				CLANG_WARN_BLOCK_CAPTURE_AUTORELEASING = YES;
				CLANG_WARN_BOOL_CONVERSION = YES;
				CLANG_WARN_COMMA = YES;
				CLANG_WARN_CONSTANT_CONVERSION = YES;
				CLANG_WARN_DEPRECATED_OBJC_IMPLEMENTATIONS = YES;
				CLANG_WARN_DIRECT_OBJC_ISA_USAGE = YES_ERROR;
				CLANG_WARN_DOCUMENTATION_COMMENTS = YES;
				CLANG_WARN_EMPTY_BODY = YES;
				CLANG_WARN_ENUM_CONVERSION = YES;
				CLANG_WARN_INFINITE_RECURSION = YES;
				CLANG_WARN_INT_CONVERSION = YES;
				CLANG_WARN_NON_LITERAL_NULL_CONVERSION = YES;
				CLANG_WARN_OBJC_IMPLICIT_RETAIN_SELF = YES;
				CLANG_WARN_OBJC_LITERAL_CONVERSION = YES;
				CLANG_WARN_OBJC_ROOT_CLASS = YES_ERROR;
				CLANG_WARN_QUOTED_INCLUDE_IN_FRAMEWORK_HEADER = YES;
				CLANG_WARN_RANGE_LOOP_ANALYSIS = YES;
				CLANG_WARN_STRICT_PROTOTYPES = YES;
				CLANG_WARN_SUSPICIOUS_MOVE = YES;
				CLANG_WARN_UNGUARDED_AVAILABILITY = YES_AGGRESSIVE;
				CLANG_WARN_UNREACHABLE_CODE = YES;
				CLANG_WARN__DUPLICATE_METHOD_MATCH = YES;
				COPY_PHASE_STRIP = NO;
				DEBUG_INFORMATION_FORMAT = dwarf;
				ENABLE_STRICT_OBJC_MSGSEND = YES;
				ENABLE_TESTABILITY = YES;
				GCC_C_LANGUAGE_STANDARD = gnu11;
				GCC_DYNAMIC_NO_PIC = NO;
				GCC_NO_COMMON_BLOCKS = YES;
				GCC_OPTIMIZATION_LEVEL = 0;
				GCC_PREPROCESSOR_DEFINITIONS = (
					"DEBUG=1",
					"$(inherited)",
				);
				GCC_WARN_64_TO_32_BIT_CONVERSION = YES;
				GCC_WARN_ABOUT_RETURN_TYPE = YES_ERROR;
				GCC_WARN_UNDECLARED_SELECTOR = YES;
				GCC_WARN_UNINITIALIZED_AUTOS = YES_AGGRESSIVE;
				GCC_WARN_UNUSED_FUNCTION = YES;
				GCC_WARN_UNUSED_VARIABLE = YES;
				IPHONEOS_DEPLOYMENT_TARGET = 16.4;
				MTL_ENABLE_DEBUG_INFO = INCLUDE_SOURCE;
				MTL_FAST_MATH = YES;
				ONLY_ACTIVE_ARCH = YES;
				SDKROOT = iphoneos;
				SWIFT_ACTIVE_COMPILATION_CONDITIONS = DEBUG;
				SWIFT_OPTIMIZATION_LEVEL = "-Onone";
			};
			name = Debug;
		};
		857DF3A62AE771CE0019E485 /* Release */ = {
			isa = XCBuildConfiguration;
			buildSettings = {
				ALWAYS_SEARCH_USER_PATHS = NO;
				CLANG_ANALYZER_NONNULL = YES;
				CLANG_ANALYZER_NUMBER_OBJECT_CONVERSION = YES_AGGRESSIVE;
				CLANG_CXX_LANGUAGE_STANDARD = "gnu++20";
				CLANG_ENABLE_MODULES = YES;
				CLANG_ENABLE_OBJC_ARC = YES;
				CLANG_ENABLE_OBJC_WEAK = YES;
				CLANG_WARN_BLOCK_CAPTURE_AUTORELEASING = YES;
				CLANG_WARN_BOOL_CONVERSION = YES;
				CLANG_WARN_COMMA = YES;
				CLANG_WARN_CONSTANT_CONVERSION = YES;
				CLANG_WARN_DEPRECATED_OBJC_IMPLEMENTATIONS = YES;
				CLANG_WARN_DIRECT_OBJC_ISA_USAGE = YES_ERROR;
				CLANG_WARN_DOCUMENTATION_COMMENTS = YES;
				CLANG_WARN_EMPTY_BODY = YES;
				CLANG_WARN_ENUM_CONVERSION = YES;
				CLANG_WARN_INFINITE_RECURSION = YES;
				CLANG_WARN_INT_CONVERSION = YES;
				CLANG_WARN_NON_LITERAL_NULL_CONVERSION = YES;
				CLANG_WARN_OBJC_IMPLICIT_RETAIN_SELF = YES;
				CLANG_WARN_OBJC_LITERAL_CONVERSION = YES;
				CLANG_WARN_OBJC_ROOT_CLASS = YES_ERROR;
				CLANG_WARN_QUOTED_INCLUDE_IN_FRAMEWORK_HEADER = YES;
				CLANG_WARN_RANGE_LOOP_ANALYSIS = YES;
				CLANG_WARN_STRICT_PROTOTYPES = YES;
				CLANG_WARN_SUSPICIOUS_MOVE = YES;
				CLANG_WARN_UNGUARDED_AVAILABILITY = YES_AGGRESSIVE;
				CLANG_WARN_UNREACHABLE_CODE = YES;
				CLANG_WARN__DUPLICATE_METHOD_MATCH = YES;
				COPY_PHASE_STRIP = NO;
				DEBUG_INFORMATION_FORMAT = "dwarf-with-dsym";
				ENABLE_NS_ASSERTIONS = NO;
				ENABLE_STRICT_OBJC_MSGSEND = YES;
				GCC_C_LANGUAGE_STANDARD = gnu11;
				GCC_NO_COMMON_BLOCKS = YES;
				GCC_WARN_64_TO_32_BIT_CONVERSION = YES;
				GCC_WARN_ABOUT_RETURN_TYPE = YES_ERROR;
				GCC_WARN_UNDECLARED_SELECTOR = YES;
				GCC_WARN_UNINITIALIZED_AUTOS = YES_AGGRESSIVE;
				GCC_WARN_UNUSED_FUNCTION = YES;
				GCC_WARN_UNUSED_VARIABLE = YES;
				IPHONEOS_DEPLOYMENT_TARGET = 16.4;
				MTL_ENABLE_DEBUG_INFO = NO;
				MTL_FAST_MATH = YES;
				SDKROOT = iphoneos;
				SWIFT_COMPILATION_MODE = wholemodule;
				SWIFT_OPTIMIZATION_LEVEL = "-O";
				VALIDATE_PRODUCT = YES;
			};
			name = Release;
		};
		857DF3A82AE771CE0019E485 /* Debug */ = {
			isa = XCBuildConfiguration;
			buildSettings = {
				ASSETCATALOG_COMPILER_APPICON_NAME = AppIcon;
				ASSETCATALOG_COMPILER_GLOBAL_ACCENT_COLOR_NAME = AccentColor;
				CODE_SIGN_STYLE = Automatic;
				CURRENT_PROJECT_VERSION = 1;
				DEVELOPMENT_ASSET_PATHS = "\"LearningSwiftUI/Preview Content\"";
				ENABLE_PREVIEWS = YES;
				GENERATE_INFOPLIST_FILE = YES;
				INFOPLIST_KEY_UIApplicationSceneManifest_Generation = YES;
				INFOPLIST_KEY_UIApplicationSupportsIndirectInputEvents = YES;
				INFOPLIST_KEY_UILaunchScreen_Generation = YES;
				INFOPLIST_KEY_UISupportedInterfaceOrientations_iPad = "UIInterfaceOrientationPortrait UIInterfaceOrientationPortraitUpsideDown UIInterfaceOrientationLandscapeLeft UIInterfaceOrientationLandscapeRight";
				INFOPLIST_KEY_UISupportedInterfaceOrientations_iPhone = "UIInterfaceOrientationPortrait UIInterfaceOrientationLandscapeLeft UIInterfaceOrientationLandscapeRight";
				LD_RUNPATH_SEARCH_PATHS = (
					"$(inherited)",
					"@executable_path/Frameworks",
				);
				MARKETING_VERSION = 1.0;
				PRODUCT_BUNDLE_IDENTIFIER = com.tushar.chatify.LearningSwiftUI;
				PRODUCT_NAME = "$(TARGET_NAME)";
				SWIFT_EMIT_LOC_STRINGS = YES;
				SWIFT_VERSION = 5.0;
				TARGETED_DEVICE_FAMILY = "1,2";
			};
			name = Debug;
		};
		857DF3A92AE771CE0019E485 /* Release */ = {
			isa = XCBuildConfiguration;
			buildSettings = {
				ASSETCATALOG_COMPILER_APPICON_NAME = AppIcon;
				ASSETCATALOG_COMPILER_GLOBAL_ACCENT_COLOR_NAME = AccentColor;
				CODE_SIGN_STYLE = Automatic;
				CURRENT_PROJECT_VERSION = 1;
				DEVELOPMENT_ASSET_PATHS = "\"LearningSwiftUI/Preview Content\"";
				ENABLE_PREVIEWS = YES;
				GENERATE_INFOPLIST_FILE = YES;
				INFOPLIST_KEY_UIApplicationSceneManifest_Generation = YES;
				INFOPLIST_KEY_UIApplicationSupportsIndirectInputEvents = YES;
				INFOPLIST_KEY_UILaunchScreen_Generation = YES;
				INFOPLIST_KEY_UISupportedInterfaceOrientations_iPad = "UIInterfaceOrientationPortrait UIInterfaceOrientationPortraitUpsideDown UIInterfaceOrientationLandscapeLeft UIInterfaceOrientationLandscapeRight";
				INFOPLIST_KEY_UISupportedInterfaceOrientations_iPhone = "UIInterfaceOrientationPortrait UIInterfaceOrientationLandscapeLeft UIInterfaceOrientationLandscapeRight";
				LD_RUNPATH_SEARCH_PATHS = (
					"$(inherited)",
					"@executable_path/Frameworks",
				);
				MARKETING_VERSION = 1.0;
				PRODUCT_BUNDLE_IDENTIFIER = com.tushar.chatify.LearningSwiftUI;
				PRODUCT_NAME = "$(TARGET_NAME)";
				SWIFT_EMIT_LOC_STRINGS = YES;
				SWIFT_VERSION = 5.0;
				TARGETED_DEVICE_FAMILY = "1,2";
			};
			name = Release;
		};
		857DF3AB2AE771CE0019E485 /* Debug */ = {
			isa = XCBuildConfiguration;
			buildSettings = {
				ALWAYS_EMBED_SWIFT_STANDARD_LIBRARIES = YES;
				BUNDLE_LOADER = "$(TEST_HOST)";
				CODE_SIGN_STYLE = Automatic;
				CURRENT_PROJECT_VERSION = 1;
				GENERATE_INFOPLIST_FILE = YES;
				IPHONEOS_DEPLOYMENT_TARGET = 16.4;
				MARKETING_VERSION = 1.0;
				PRODUCT_BUNDLE_IDENTIFIER = com.tushar.chatify.LearningSwiftUITests;
				PRODUCT_NAME = "$(TARGET_NAME)";
				SWIFT_EMIT_LOC_STRINGS = NO;
				SWIFT_VERSION = 5.0;
				TARGETED_DEVICE_FAMILY = "1,2";
				TEST_HOST = "$(BUILT_PRODUCTS_DIR)/LearningSwiftUI.app/$(BUNDLE_EXECUTABLE_FOLDER_PATH)/LearningSwiftUI";
			};
			name = Debug;
		};
		857DF3AC2AE771CE0019E485 /* Release */ = {
			isa = XCBuildConfiguration;
			buildSettings = {
				ALWAYS_EMBED_SWIFT_STANDARD_LIBRARIES = YES;
				BUNDLE_LOADER = "$(TEST_HOST)";
				CODE_SIGN_STYLE = Automatic;
				CURRENT_PROJECT_VERSION = 1;
				GENERATE_INFOPLIST_FILE = YES;
				IPHONEOS_DEPLOYMENT_TARGET = 16.4;
				MARKETING_VERSION = 1.0;
				PRODUCT_BUNDLE_IDENTIFIER = com.tushar.chatify.LearningSwiftUITests;
				PRODUCT_NAME = "$(TARGET_NAME)";
				SWIFT_EMIT_LOC_STRINGS = NO;
				SWIFT_VERSION = 5.0;
				TARGETED_DEVICE_FAMILY = "1,2";
				TEST_HOST = "$(BUILT_PRODUCTS_DIR)/LearningSwiftUI.app/$(BUNDLE_EXECUTABLE_FOLDER_PATH)/LearningSwiftUI";
			};
			name = Release;
		};
		857DF3AE2AE771CE0019E485 /* Debug */ = {
			isa = XCBuildConfiguration;
			buildSettings = {
				ALWAYS_EMBED_SWIFT_STANDARD_LIBRARIES = YES;
				CODE_SIGN_STYLE = Automatic;
				CURRENT_PROJECT_VERSION = 1;
				GENERATE_INFOPLIST_FILE = YES;
				MARKETING_VERSION = 1.0;
				PRODUCT_BUNDLE_IDENTIFIER = com.tushar.chatify.LearningSwiftUIUITests;
				PRODUCT_NAME = "$(TARGET_NAME)";
				SWIFT_EMIT_LOC_STRINGS = NO;
				SWIFT_VERSION = 5.0;
				TARGETED_DEVICE_FAMILY = "1,2";
				TEST_TARGET_NAME = LearningSwiftUI;
			};
			name = Debug;
		};
		857DF3AF2AE771CE0019E485 /* Release */ = {
			isa = XCBuildConfiguration;
			buildSettings = {
				ALWAYS_EMBED_SWIFT_STANDARD_LIBRARIES = YES;
				CODE_SIGN_STYLE = Automatic;
				CURRENT_PROJECT_VERSION = 1;
				GENERATE_INFOPLIST_FILE = YES;
				MARKETING_VERSION = 1.0;
				PRODUCT_BUNDLE_IDENTIFIER = com.tushar.chatify.LearningSwiftUIUITests;
				PRODUCT_NAME = "$(TARGET_NAME)";
				SWIFT_EMIT_LOC_STRINGS = NO;
				SWIFT_VERSION = 5.0;
				TARGETED_DEVICE_FAMILY = "1,2";
				TEST_TARGET_NAME = LearningSwiftUI;
			};
			name = Release;
		};
/* End XCBuildConfiguration section */

/* Begin XCConfigurationList section */
		857DF37E2AE771CD0019E485 /* Build configuration list for PBXProject "LearningSwiftUI" */ = {
			isa = XCConfigurationList;
			buildConfigurations = (
				857DF3A52AE771CE0019E485 /* Debug */,
				857DF3A62AE771CE0019E485 /* Release */,
			);
			defaultConfigurationIsVisible = 0;
			defaultConfigurationName = Release;
		};
		857DF3A72AE771CE0019E485 /* Build configuration list for PBXNativeTarget "LearningSwiftUI" */ = {
			isa = XCConfigurationList;
			buildConfigurations = (
				857DF3A82AE771CE0019E485 /* Debug */,
				857DF3A92AE771CE0019E485 /* Release */,
			);
			defaultConfigurationIsVisible = 0;
			defaultConfigurationName = Release;
		};
		857DF3AA2AE771CE0019E485 /* Build configuration list for PBXNativeTarget "LearningSwiftUITests" */ = {
			isa = XCConfigurationList;
			buildConfigurations = (
				857DF3AB2AE771CE0019E485 /* Debug */,
				857DF3AC2AE771CE0019E485 /* Release */,
			);
			defaultConfigurationIsVisible = 0;
			defaultConfigurationName = Release;
		};
		857DF3AD2AE771CE0019E485 /* Build configuration list for PBXNativeTarget "LearningSwiftUIUITests" */ = {
			isa = XCConfigurationList;
			buildConfigurations = (
				857DF3AE2AE771CE0019E485 /* Debug */,
				857DF3AF2AE771CE0019E485 /* Release */,
			);
			defaultConfigurationIsVisible = 0;
			defaultConfigurationName = Release;
		};
/* End XCConfigurationList section */
	};
	rootObject = 857DF37B2AE771CC0019E485 /* Project object */;
}
